
Microsoft Visual Studio Solution File, Format Version 12.00
# Visual Studio 2013
VisualStudioVersion = 12.0.21005.1
MinimumVisualStudioVersion = 10.0.40219.1
Project("{FAE04EC0-301F-11D3-BF4B-00C04F79EFBC}") = "Quiron.LojaVirtual.Dominio", "Quiron.LojaVirtual.Dominio\Quiron.LojaVirtual.Dominio.csproj", "{237F52D9-06FD-4206-AD1E-6EB037661D7F}"
EndProject
Project("{FAE04EC0-301F-11D3-BF4B-00C04F79EFBC}") = "Quiron.LojaVirtual.Web", "Quiron.LojaVirtual.Web\Quiron.LojaVirtual.Web.csproj", "{949A7E6B-9BBE-44CA-BECC-E4303841025E}"
EndProject
Project("{FAE04EC0-301F-11D3-BF4B-00C04F79EFBC}") = "Quiron.LojaVirtual.UnitTest", "Quiron.LojaVirtual.UnitTest\Quiron.LojaVirtual.UnitTest.csproj", "{639BFA92-ADA3-4F78-9CE4-B8191B52C7EF}"
EndProject
Global
	GlobalSection(SolutionConfigurationPlatforms) = preSolution
		Debug|Any CPU = Debug|Any CPU
		Release|Any CPU = Release|Any CPU
	EndGlobalSection
	GlobalSection(ProjectConfigurationPlatforms) = postSolution
		{237F52D9-06FD-4206-AD1E-6EB037661D7F}.Debug|Any CPU.ActiveCfg = Debug|Any CPU
		{237F52D9-06FD-4206-AD1E-6EB037661D7F}.Debug|Any CPU.Build.0 = Debug|Any CPU
		{237F52D9-06FD-4206-AD1E-6EB037661D7F}.Release|Any CPU.ActiveCfg = Release|Any CPU
		{237F52D9-06FD-4206-AD1E-6EB037661D7F}.Release|Any CPU.Build.0 = Release|Any CPU
		{949A7E6B-9BBE-44CA-BECC-E4303841025E}.Debug|Any CPU.ActiveCfg = Debug|Any CPU
		{949A7E6B-9BBE-44CA-BECC-E4303841025E}.Debug|Any CPU.Build.0 = Debug|Any CPU
		{949A7E6B-9BBE-44CA-BECC-E4303841025E}.Release|Any CPU.ActiveCfg = Release|Any CPU
		{949A7E6B-9BBE-44CA-BECC-E4303841025E}.Release|Any CPU.Build.0 = Release|Any CPU
		{639BFA92-ADA3-4F78-9CE4-B8191B52C7EF}.Debug|Any CPU.ActiveCfg = Debug|Any CPU
		{639BFA92-ADA3-4F78-9CE4-B8191B52C7EF}.Debug|Any CPU.Build.0 = Debug|Any CPU
		{639BFA92-ADA3-4F78-9CE4-B8191B52C7EF}.Release|Any CPU.ActiveCfg = Release|Any CPU
		{639BFA92-ADA3-4F78-9CE4-B8191B52C7EF}.Release|Any CPU.Build.0 = Release|Any CPU
	EndGlobalSection
	GlobalSection(SolutionProperties) = preSolution
		HideSolutionNode = FALSE
	EndGlobalSection
EndGlobal
